<Solution>
  <Project Path="Dumble.RecommendationService.API/Dumble.RecommendationService.API.csproj" />
  <Project Path="Dumble.RecommendationService.Application/Dumble.RecommendationService.Application.csproj" />
  <Project Path="Dumble.RecommendationService.Contracts/Dumble.RecommendationService.Contracts.csproj" />
  <Project Path="Dumble.RecommendationService.Domain/Dumble.RecommendationService.Domain.csproj" />
  <Project Path="Dumble.RecommendationService.Infrastructure/Dumble.RecommendationService.Infrastructure.csproj" />
  <Project Path="Dumble.RecommendationService.Tests/Dumble.RecommendationService.Tests.csproj" />
</Solution>
